# This file is automatically @generated by Cargo.
# It is not intended for manual editing.
version = 4

[[package]]
name = "deployer"
version = "0.1.0"

[[package]]
name = "sealed-account"
version = "0.1.0"

[[package]]
name = "sealed-sdk"
version = "0.1.0"

[[package]]
name = "sealed-tests"
version = "0.1.0"
dependencies = [
 "sealed-account",
 "sealed-sdk",
]
